
Microsoft Visual Studio Solution File, Format Version 12.00
# Visual Studio Version 17
VisualStudioVersion = 17.11.35327.3
MinimumVisualStudioVersion = 10.0.40219.1
Project("{FAE04EC0-301F-11D3-BF4B-00C04F79EFBC}") = "Hangman", "Hangman.csproj", "{DA30C835-5206-4E3C-81F5-EB400DDB9CA4}"
EndProject
Global
	GlobalSection(SolutionConfigurationPlatforms) = preSolution
		Debug|Any CPU = Debug|Any CPU
		Release|Any CPU = Release|Any CPU
	EndGlobalSection
	GlobalSection(ProjectConfigurationPlatforms) = postSolution
		{DA30C835-5206-4E3C-81F5-EB400DDB9CA4}.Debug|Any CPU.ActiveCfg = Debug|Any CPU
		{DA30C835-5206-4E3C-81F5-EB400DDB9CA4}.Debug|Any CPU.Build.0 = Debug|Any CPU
		{DA30C835-5206-4E3C-81F5-EB400DDB9CA4}.Debug|Any CPU.Deploy.0 = Debug|Any CPU
		{DA30C835-5206-4E3C-81F5-EB400DDB9CA4}.Release|Any CPU.ActiveCfg = Release|Any CPU
		{DA30C835-5206-4E3C-81F5-EB400DDB9CA4}.Release|Any CPU.Build.0 = Release|Any CPU
		{DA30C835-5206-4E3C-81F5-EB400DDB9CA4}.Release|Any CPU.Deploy.0 = Release|Any CPU
	EndGlobalSection
	GlobalSection(SolutionProperties) = preSolution
		HideSolutionNode = FALSE
	EndGlobalSection
	GlobalSection(ExtensibilityGlobals) = postSolution
		SolutionGuid = {AD458A24-516B-4A8A-9E66-1BEDE7E008CF}
	EndGlobalSection
EndGlobal
